
Microsoft Visual Studio Solution File, Format Version 12.00
# Visual Studio Version 16
VisualStudioVersion = 16.0.29509.3
MinimumVisualStudioVersion = 10.0.40219.1
Project("{FAE04EC0-301F-11D3-BF4B-00C04F79EFBC}") = "ChildrenHospinal", "ChildrenHospinal\ChildrenHospinal.csproj", "{69DCC696-7696-47E7-ADFD-3AE7155FFB2D}"
EndProject
Global
	GlobalSection(SolutionConfigurationPlatforms) = preSolution
		Debug|Any CPU = Debug|Any CPU
		Release|Any CPU = Release|Any CPU
	EndGlobalSection
	GlobalSection(ProjectConfigurationPlatforms) = postSolution
		{69DCC696-7696-47E7-ADFD-3AE7155FFB2D}.Debug|Any CPU.ActiveCfg = Debug|Any CPU
		{69DCC696-7696-47E7-ADFD-3AE7155FFB2D}.Debug|Any CPU.Build.0 = Debug|Any CPU
		{69DCC696-7696-47E7-ADFD-3AE7155FFB2D}.Release|Any CPU.ActiveCfg = Release|Any CPU
		{69DCC696-7696-47E7-ADFD-3AE7155FFB2D}.Release|Any CPU.Build.0 = Release|Any CPU
	EndGlobalSection
	GlobalSection(SolutionProperties) = preSolution
		HideSolutionNode = FALSE
	EndGlobalSection
	GlobalSection(ExtensibilityGlobals) = postSolution
		SolutionGuid = {B80FB833-2441-472D-B863-15E9085C7FB4}
	EndGlobalSection
EndGlobal
